
Microsoft Visual Studio Solution File, Format Version 12.00
# Visual Studio 15
VisualStudioVersion = 15.0.26124.0
MinimumVisualStudioVersion = 15.0.26124.0
Project("{9A19103F-16F7-4668-BE54-9A1E7A4F7556}") = "R5T.Visigothia.Default.Local.Construction", "R5T.Visigothia.Default.Local.Construction\R5T.Visigothia.Default.Local.Construction.csproj", "{F36D13C0-E1CA-42DA-A828-20B2730C1124}"
EndProject
Project("{9A19103F-16F7-4668-BE54-9A1E7A4F7556}") = "R5T.Visigothia.Default.Local", "R5T.Visigothia.Default.Local\R5T.Visigothia.Default.Local.csproj", "{379CE730-8F1A-4B9C-9E3A-B13BD1434127}"
EndProject
Project("{9A19103F-16F7-4668-BE54-9A1E7A4F7556}") = "R5T.Visigothia.Default.Local.Testing", "R5T.Visigothia.Default.Local.Testing\R5T.Visigothia.Default.Local.Testing.csproj", "{980B59D2-70E2-412B-B2D0-9B08BD070564}"
EndProject
Project("{2150E333-8FDC-42A3-9474-1A3956D46DE8}") = "_Dependencies", "_Dependencies", "{C4E6F3FF-79F5-4FD9-B2B2-8F5DEE0D1FC8}"
EndProject
Project("{9A19103F-16F7-4668-BE54-9A1E7A4F7556}") = "R5T.Visigothia.Base", "..\..\R5T.Visigothia.Base\source\R5T.Visigothia.Base\R5T.Visigothia.Base.csproj", "{8C428550-2829-4E16-9EEC-066EE7509977}"
EndProject
Global
	GlobalSection(SolutionConfigurationPlatforms) = preSolution
		Debug|Any CPU = Debug|Any CPU
		Debug|x64 = Debug|x64
		Debug|x86 = Debug|x86
		Release|Any CPU = Release|Any CPU
		Release|x64 = Release|x64
		Release|x86 = Release|x86
	EndGlobalSection
	GlobalSection(ProjectConfigurationPlatforms) = postSolution
		{F36D13C0-E1CA-42DA-A828-20B2730C1124}.Debug|Any CPU.ActiveCfg = Debug|Any CPU
		{F36D13C0-E1CA-42DA-A828-20B2730C1124}.Debug|Any CPU.Build.0 = Debug|Any CPU
		{F36D13C0-E1CA-42DA-A828-20B2730C1124}.Debug|x64.ActiveCfg = Debug|Any CPU
		{F36D13C0-E1CA-42DA-A828-20B2730C1124}.Debug|x64.Build.0 = Debug|Any CPU
		{F36D13C0-E1CA-42DA-A828-20B2730C1124}.Debug|x86.ActiveCfg = Debug|Any CPU
		{F36D13C0-E1CA-42DA-A828-20B2730C1124}.Debug|x86.Build.0 = Debug|Any CPU
		{F36D13C0-E1CA-42DA-A828-20B2730C1124}.Release|Any CPU.ActiveCfg = Release|Any CPU
		{F36D13C0-E1CA-42DA-A828-20B2730C1124}.Release|Any CPU.Build.0 = Release|Any CPU
		{F36D13C0-E1CA-42DA-A828-20B2730C1124}.Release|x64.ActiveCfg = Release|Any CPU
		{F36D13C0-E1CA-42DA-A828-20B2730C1124}.Release|x64.Build.0 = Release|Any CPU
		{F36D13C0-E1CA-42DA-A828-20B2730C1124}.Release|x86.ActiveCfg = Release|Any CPU
		{F36D13C0-E1CA-42DA-A828-20B2730C1124}.Release|x86.Build.0 = Release|Any CPU
		{379CE730-8F1A-4B9C-9E3A-B13BD1434127}.Debug|Any CPU.ActiveCfg = Debug|Any CPU
		{379CE730-8F1A-4B9C-9E3A-B13BD1434127}.Debug|Any CPU.Build.0 = Debug|Any CPU
		{379CE730-8F1A-4B9C-9E3A-B13BD1434127}.Debug|x64.ActiveCfg = Debug|Any CPU
		{379CE730-8F1A-4B9C-9E3A-B13BD1434127}.Debug|x64.Build.0 = Debug|Any CPU
		{379CE730-8F1A-4B9C-9E3A-B13BD1434127}.Debug|x86.ActiveCfg = Debug|Any CPU
		{379CE730-8F1A-4B9C-9E3A-B13BD1434127}.Debug|x86.Build.0 = Debug|Any CPU
		{379CE730-8F1A-4B9C-9E3A-B13BD1434127}.Release|Any CPU.ActiveCfg = Release|Any CPU
		{379CE730-8F1A-4B9C-9E3A-B13BD1434127}.Release|Any CPU.Build.0 = Release|Any CPU
		{379CE730-8F1A-4B9C-9E3A-B13BD1434127}.Release|x64.ActiveCfg = Release|Any CPU
		{379CE730-8F1A-4B9C-9E3A-B13BD1434127}.Release|x64.Build.0 = Release|Any CPU
		{379CE730-8F1A-4B9C-9E3A-B13BD1434127}.Release|x86.ActiveCfg = Release|Any CPU
		{379CE730-8F1A-4B9C-9E3A-B13BD1434127}.Release|x86.Build.0 = Release|Any CPU
		{980B59D2-70E2-412B-B2D0-9B08BD070564}.Debug|Any CPU.ActiveCfg = Debug|Any CPU
		{980B59D2-70E2-412B-B2D0-9B08BD070564}.Debug|Any CPU.Build.0 = Debug|Any CPU
		{980B59D2-70E2-412B-B2D0-9B08BD070564}.Debug|x64.ActiveCfg = Debug|Any CPU
		{980B59D2-70E2-412B-B2D0-9B08BD070564}.Debug|x64.Build.0 = Debug|Any CPU
		{980B59D2-70E2-412B-B2D0-9B08BD070564}.Debug|x86.ActiveCfg = Debug|Any CPU
		{980B59D2-70E2-412B-B2D0-9B08BD070564}.Debug|x86.Build.0 = Debug|Any CPU
		{980B59D2-70E2-412B-B2D0-9B08BD070564}.Release|Any CPU.ActiveCfg = Release|Any CPU
		{980B59D2-70E2-412B-B2D0-9B08BD070564}.Release|Any CPU.Build.0 = Release|Any CPU
		{980B59D2-70E2-412B-B2D0-9B08BD070564}.Release|x64.ActiveCfg = Release|Any CPU
		{980B59D2-70E2-412B-B2D0-9B08BD070564}.Release|x64.Build.0 = Release|Any CPU
		{980B59D2-70E2-412B-B2D0-9B08BD070564}.Release|x86.ActiveCfg = Release|Any CPU
		{980B59D2-70E2-412B-B2D0-9B08BD070564}.Release|x86.Build.0 = Release|Any CPU
		{8C428550-2829-4E16-9EEC-066EE7509977}.Debug|Any CPU.ActiveCfg = Debug|Any CPU
		{8C428550-2829-4E16-9EEC-066EE7509977}.Debug|Any CPU.Build.0 = Debug|Any CPU
		{8C428550-2829-4E16-9EEC-066EE7509977}.Debug|x64.ActiveCfg = Debug|Any CPU
		{8C428550-2829-4E16-9EEC-066EE7509977}.Debug|x64.Build.0 = Debug|Any CPU
		{8C428550-2829-4E16-9EEC-066EE7509977}.Debug|x86.ActiveCfg = Debug|Any CPU
		{8C428550-2829-4E16-9EEC-066EE7509977}.Debug|x86.Build.0 = Debug|Any CPU
		{8C428550-2829-4E16-9EEC-066EE7509977}.Release|Any CPU.ActiveCfg = Release|Any CPU
		{8C428550-2829-4E16-9EEC-066EE7509977}.Release|Any CPU.Build.0 = Release|Any CPU
		{8C428550-2829-4E16-9EEC-066EE7509977}.Release|x64.ActiveCfg = Release|Any CPU
		{8C428550-2829-4E16-9EEC-066EE7509977}.Release|x64.Build.0 = Release|Any CPU
		{8C428550-2829-4E16-9EEC-066EE7509977}.Release|x86.ActiveCfg = Release|Any CPU
		{8C428550-2829-4E16-9EEC-066EE7509977}.Release|x86.Build.0 = Release|Any CPU
	EndGlobalSection
	GlobalSection(SolutionProperties) = preSolution
		HideSolutionNode = FALSE
	EndGlobalSection
	GlobalSection(NestedProjects) = preSolution
		{8C428550-2829-4E16-9EEC-066EE7509977} = {C4E6F3FF-79F5-4FD9-B2B2-8F5DEE0D1FC8}
	EndGlobalSection
	GlobalSection(ExtensibilityGlobals) = postSolution
		SolutionGuid = {5DA5D671-0C58-4AE3-A5EB-57F71E5C35CB}
	EndGlobalSection
EndGlobal
